
Microsoft Visual Studio Solution File, Format Version 12.00
Project("{FAE04EC0-301F-11D3-BF4B-00C04F79EFBC}") = "GestorEventosAcademicosPOO", "GestorEventosAcademicosPOO.csproj", "{1355D826-96A0-41CA-BCDD-55A9019B9AEE}"
EndProject
Global
	GlobalSection(SolutionConfigurationPlatforms) = preSolution
		Debug|Any CPU = Debug|Any CPU
		Release|Any CPU = Release|Any CPU
	EndGlobalSection
	GlobalSection(ProjectConfigurationPlatforms) = postSolution
		{1355D826-96A0-41CA-BCDD-55A9019B9AEE}.Debug|Any CPU.ActiveCfg = Debug|Any CPU
		{1355D826-96A0-41CA-BCDD-55A9019B9AEE}.Debug|Any CPU.Build.0 = Debug|Any CPU
		{1355D826-96A0-41CA-BCDD-55A9019B9AEE}.Release|Any CPU.ActiveCfg = Release|Any CPU
		{1355D826-96A0-41CA-BCDD-55A9019B9AEE}.Release|Any CPU.Build.0 = Release|Any CPU
	EndGlobalSection
EndGlobal
